
Microsoft Visual Studio Solution File, Format Version 12.00
# Visual Studio Version 16
VisualStudioVersion = 16.0.30413.136
MinimumVisualStudioVersion = 10.0.40219.1
Project("{9A19103F-16F7-4668-BE54-9A1E7A4F7556}") = "RAT-Server", "RAT-Server.csproj", "{5FF768A2-F7F8-49E5-9008-6EAE6D978083}"
EndProject
Global
	GlobalSection(SolutionConfigurationPlatforms) = preSolution
		Debug|Any CPU = Debug|Any CPU
		Release|Any CPU = Release|Any CPU
	EndGlobalSection
	GlobalSection(ProjectConfigurationPlatforms) = postSolution
		{5FF768A2-F7F8-49E5-9008-6EAE6D978083}.Debug|Any CPU.ActiveCfg = Debug|Any CPU
		{5FF768A2-F7F8-49E5-9008-6EAE6D978083}.Debug|Any CPU.Build.0 = Debug|Any CPU
		{5FF768A2-F7F8-49E5-9008-6EAE6D978083}.Release|Any CPU.ActiveCfg = Release|Any CPU
		{5FF768A2-F7F8-49E5-9008-6EAE6D978083}.Release|Any CPU.Build.0 = Release|Any CPU
	EndGlobalSection
	GlobalSection(SolutionProperties) = preSolution
		HideSolutionNode = FALSE
	EndGlobalSection
	GlobalSection(ExtensibilityGlobals) = postSolution
		SolutionGuid = {FA8782B8-C195-4735-84DE-ECE393AC0786}
	EndGlobalSection
EndGlobal
